// !$*UTF8*$!
{
	archiveVersion = 1;
	classes = {
	};
	objectVersion = 56;
	objects = {

/* Begin PBXBuildFile section */
		C7A798CF2B0C0FBD00BF1F70 /* applicationApp.swift in Sources */ = {isa = PBXBuildFile; fileRef = C7A798CE2B0C0FBD00BF1F70 /* applicationApp.swift */; };
		C7A798D12B0C0FBD00BF1F70 /* ContentView.swift in Sources */ = {isa = PBXBuildFile; fileRef = C7A798D02B0C0FBD00BF1F70 /* ContentView.swift */; };
		C7A798D32B0C0FBE00BF1F70 /* Assets.xcassets in Resources */ = {isa = PBXBuildFile; fileRef = C7A798D22B0C0FBE00BF1F70 /* Assets.xcassets */; };
		C7A798D62B0C0FBE00BF1F70 /* Preview Assets.xcassets in Resources */ = {isa = PBXBuildFile; fileRef = C7A798D52B0C0FBE00BF1F70 /* Preview Assets.xcassets */; };
		C7A799062B0C15C700BF1F70 /* module_root.framework in Frameworks */ = {isa = PBXBuildFile; fileRef = C7A799052B0C15C700BF1F70 /* module_root.framework */; };
		C7A799072B0C15C700BF1F70 /* module_root.framework in Embed Frameworks */ = {isa = PBXBuildFile; fileRef = C7A799052B0C15C700BF1F70 /* module_root.framework */; settings = {ATTRIBUTES = (CodeSignOnCopy, RemoveHeadersOnCopy, ); }; };
		C7A799092B0C15CE00BF1F70 /* Pods_application.framework in Frameworks */ = {isa = PBXBuildFile; fileRef = B6291EEAE7D0F76FB9576F4B /* Pods_application.framework */; };
		C7A7990A2B0C15CE00BF1F70 /* Pods_application.framework in Embed Frameworks */ = {isa = PBXBuildFile; fileRef = B6291EEAE7D0F76FB9576F4B /* Pods_application.framework */; settings = {ATTRIBUTES = (CodeSignOnCopy, RemoveHeadersOnCopy, ); }; };
		C7A7992E2B0C178100BF1F70 /* module_feature_a.framework in Frameworks */ = {isa = PBXBuildFile; fileRef = C7A7992D2B0C178100BF1F70 /* module_feature_a.framework */; };
		C7A7992F2B0C178100BF1F70 /* module_feature_a.framework in Embed Frameworks */ = {isa = PBXBuildFile; fileRef = C7A7992D2B0C178100BF1F70 /* module_feature_a.framework */; settings = {ATTRIBUTES = (CodeSignOnCopy, RemoveHeadersOnCopy, ); }; };
		C7A7994C2B0C18AB00BF1F70 /* module_feature_b.framework in Frameworks */ = {isa = PBXBuildFile; fileRef = C7A7994B2B0C18AB00BF1F70 /* module_feature_b.framework */; };
		C7A7994D2B0C18AB00BF1F70 /* module_feature_b.framework in Embed Frameworks */ = {isa = PBXBuildFile; fileRef = C7A7994B2B0C18AB00BF1F70 /* module_feature_b.framework */; settings = {ATTRIBUTES = (CodeSignOnCopy, RemoveHeadersOnCopy, ); }; };
/* End PBXBuildFile section */

/* Begin PBXCopyFilesBuildPhase section */
		C7A799082B0C15C700BF1F70 /* Embed Frameworks */ = {
			isa = PBXCopyFilesBuildPhase;
			buildActionMask = 2147483647;
			dstPath = "";
			dstSubfolderSpec = 10;
			files = (
				C7A7994D2B0C18AB00BF1F70 /* module_feature_b.framework in Embed Frameworks */,
				C7A799072B0C15C700BF1F70 /* module_root.framework in Embed Frameworks */,
				C7A7992F2B0C178100BF1F70 /* module_feature_a.framework in Embed Frameworks */,
				C7A7990A2B0C15CE00BF1F70 /* Pods_application.framework in Embed Frameworks */,
			);
			name = "Embed Frameworks";
			runOnlyForDeploymentPostprocessing = 0;
		};
/* End PBXCopyFilesBuildPhase section */

/* Begin PBXFileReference section */
		B6291EEAE7D0F76FB9576F4B /* Pods_application.framework */ = {isa = PBXFileReference; explicitFileType = wrapper.framework; includeInIndex = 0; path = Pods_application.framework; sourceTree = BUILT_PRODUCTS_DIR; };
		BAF86AA720E93D87299FE800 /* Pods-application.debug.xcconfig */ = {isa = PBXFileReference; includeInIndex = 1; lastKnownFileType = text.xcconfig; name = "Pods-application.debug.xcconfig"; path = "Target Support Files/Pods-application/Pods-application.debug.xcconfig"; sourceTree = "<group>"; };
		C7A798CB2B0C0FBD00BF1F70 /* application.app */ = {isa = PBXFileReference; explicitFileType = wrapper.application; includeInIndex = 0; path = application.app; sourceTree = BUILT_PRODUCTS_DIR; };
		C7A798CE2B0C0FBD00BF1F70 /* applicationApp.swift */ = {isa = PBXFileReference; lastKnownFileType = sourcecode.swift; path = applicationApp.swift; sourceTree = "<group>"; };
		C7A798D02B0C0FBD00BF1F70 /* ContentView.swift */ = {isa = PBXFileReference; lastKnownFileType = sourcecode.swift; path = ContentView.swift; sourceTree = "<group>"; };
		C7A798D22B0C0FBE00BF1F70 /* Assets.xcassets */ = {isa = PBXFileReference; lastKnownFileType = folder.assetcatalog; path = Assets.xcassets; sourceTree = "<group>"; };
		C7A798D52B0C0FBE00BF1F70 /* Preview Assets.xcassets */ = {isa = PBXFileReference; lastKnownFileType = folder.assetcatalog; path = "Preview Assets.xcassets"; sourceTree = "<group>"; };
		C7A799052B0C15C700BF1F70 /* module_root.framework */ = {isa = PBXFileReference; explicitFileType = wrapper.framework; path = module_root.framework; sourceTree = BUILT_PRODUCTS_DIR; };
		C7A7992D2B0C178100BF1F70 /* module_feature_a.framework */ = {isa = PBXFileReference; explicitFileType = wrapper.framework; path = module_feature_a.framework; sourceTree = BUILT_PRODUCTS_DIR; };
		C7A7994B2B0C18AB00BF1F70 /* module_feature_b.framework */ = {isa = PBXFileReference; explicitFileType = wrapper.framework; path = module_feature_b.framework; sourceTree = BUILT_PRODUCTS_DIR; };
		DD95ED383F8CF69E1DF51D53 /* Pods-application.release.xcconfig */ = {isa = PBXFileReference; includeInIndex = 1; lastKnownFileType = text.xcconfig; name = "Pods-application.release.xcconfig"; path = "Target Support Files/Pods-application/Pods-application.release.xcconfig"; sourceTree = "<group>"; };
/* End PBXFileReference section */

/* Begin PBXFrameworksBuildPhase section */
		C7A798C82B0C0FBD00BF1F70 /* Frameworks */ = {
			isa = PBXFrameworksBuildPhase;
			buildActionMask = 2147483647;
			files = (
				C7A7994C2B0C18AB00BF1F70 /* module_feature_b.framework in Frameworks */,
				C7A799062B0C15C700BF1F70 /* module_root.framework in Frameworks */,
				C7A7992E2B0C178100BF1F70 /* module_feature_a.framework in Frameworks */,
				C7A799092B0C15CE00BF1F70 /* Pods_application.framework in Frameworks */,
			);
			runOnlyForDeploymentPostprocessing = 0;
		};
/* End PBXFrameworksBuildPhase section */

/* Begin PBXGroup section */
		1048F82D08FEEB815611FF1A /* Pods */ = {
			isa = PBXGroup;
			children = (
				BAF86AA720E93D87299FE800 /* Pods-application.debug.xcconfig */,
				DD95ED383F8CF69E1DF51D53 /* Pods-application.release.xcconfig */,
			);
			path = Pods;
			sourceTree = "<group>";
		};
		929A6E1354DE41E21CE4ECE4 /* Frameworks */ = {
			isa = PBXGroup;
			children = (
				C7A7994B2B0C18AB00BF1F70 /* module_feature_b.framework */,
				C7A7992D2B0C178100BF1F70 /* module_feature_a.framework */,
				C7A799052B0C15C700BF1F70 /* module_root.framework */,
				B6291EEAE7D0F76FB9576F4B /* Pods_application.framework */,
			);
			name = Frameworks;
			sourceTree = "<group>";
		};
		C7A798C22B0C0FBD00BF1F70 = {
			isa = PBXGroup;
			children = (
				C7A798CD2B0C0FBD00BF1F70 /* application */,
				C7A798CC2B0C0FBD00BF1F70 /* Products */,
				1048F82D08FEEB815611FF1A /* Pods */,
				929A6E1354DE41E21CE4ECE4 /* Frameworks */,
			);
			sourceTree = "<group>";
		};
		C7A798CC2B0C0FBD00BF1F70 /* Products */ = {
			isa = PBXGroup;
			children = (
				C7A798CB2B0C0FBD00BF1F70 /* application.app */,
			);
			name = Products;
			sourceTree = "<group>";
		};
		C7A798CD2B0C0FBD00BF1F70 /* application */ = {
			isa = PBXGroup;
			children = (
				C7A798CE2B0C0FBD00BF1F70 /* applicationApp.swift */,
				C7A798D02B0C0FBD00BF1F70 /* ContentView.swift */,
				C7A798D22B0C0FBE00BF1F70 /* Assets.xcassets */,
				C7A798D42B0C0FBE00BF1F70 /* Preview Content */,
			);
			path = application;
			sourceTree = "<group>";
		};
		C7A798D42B0C0FBE00BF1F70 /* Preview Content */ = {
			isa = PBXGroup;
			children = (
				C7A798D52B0C0FBE00BF1F70 /* Preview Assets.xcassets */,
			);
			path = "Preview Content";
			sourceTree = "<group>";
		};
/* End PBXGroup section */

/* Begin PBXNativeTarget section */
		C7A798CA2B0C0FBD00BF1F70 /* application */ = {
			isa = PBXNativeTarget;
			buildConfigurationList = C7A798D92B0C0FBE00BF1F70 /* Build configuration list for PBXNativeTarget "application" */;
			buildPhases = (
				4FF4D659816534BC390754FA /* [CP] Check Pods Manifest.lock */,
				C7A798C72B0C0FBD00BF1F70 /* Sources */,
				C7A798C82B0C0FBD00BF1F70 /* Frameworks */,
				C7A798C92B0C0FBD00BF1F70 /* Resources */,
				C7A799082B0C15C700BF1F70 /* Embed Frameworks */,
			);
			buildRules = (
			);
			dependencies = (
			);
			name = application;
			productName = application;
			productReference = C7A798CB2B0C0FBD00BF1F70 /* application.app */;
			productType = "com.apple.product-type.application";
		};
/* End PBXNativeTarget section */

/* Begin PBXProject section */
		C7A798C32B0C0FBD00BF1F70 /* Project object */ = {
			isa = PBXProject;
			attributes = {
				BuildIndependentTargetsInParallel = 1;
				LastSwiftUpdateCheck = 1500;
				LastUpgradeCheck = 1500;
				TargetAttributes = {
					C7A798CA2B0C0FBD00BF1F70 = {
						CreatedOnToolsVersion = 15.0;
					};
				};
			};
			buildConfigurationList = C7A798C62B0C0FBD00BF1F70 /* Build configuration list for PBXProject "application" */;
			compatibilityVersion = "Xcode 14.0";
			developmentRegion = en;
			hasScannedForEncodings = 0;
			knownRegions = (
				en,
				Base,
			);
			mainGroup = C7A798C22B0C0FBD00BF1F70;
			productRefGroup = C7A798CC2B0C0FBD00BF1F70 /* Products */;
			projectDirPath = "";
			projectRoot = "";
			targets = (
				C7A798CA2B0C0FBD00BF1F70 /* application */,
			);
		};
/* End PBXProject section */

/* Begin PBXResourcesBuildPhase section */
		C7A798C92B0C0FBD00BF1F70 /* Resources */ = {
			isa = PBXResourcesBuildPhase;
			buildActionMask = 2147483647;
			files = (
				C7A798D62B0C0FBE00BF1F70 /* Preview Assets.xcassets in Resources */,
				C7A798D32B0C0FBE00BF1F70 /* Assets.xcassets in Resources */,
			);
			runOnlyForDeploymentPostprocessing = 0;
		};
/* End PBXResourcesBuildPhase section */

/* Begin PBXShellScriptBuildPhase section */
		4FF4D659816534BC390754FA /* [CP] Check Pods Manifest.lock */ = {
			isa = PBXShellScriptBuildPhase;
			buildActionMask = 2147483647;
			files = (
			);
			inputFileListPaths = (
			);
			inputPaths = (
				"${PODS_PODFILE_DIR_PATH}/Podfile.lock",
				"${PODS_ROOT}/Manifest.lock",
			);
			name = "[CP] Check Pods Manifest.lock";
			outputFileListPaths = (
			);
			outputPaths = (
				"$(DERIVED_FILE_DIR)/Pods-application-checkManifestLockResult.txt",
			);
			runOnlyForDeploymentPostprocessing = 0;
			shellPath = /bin/sh;
			shellScript = "diff \"${PODS_PODFILE_DIR_PATH}/Podfile.lock\" \"${PODS_ROOT}/Manifest.lock\" > /dev/null\nif [ $? != 0 ] ; then\n    # print error to STDERR\n    echo \"error: The sandbox is not in sync with the Podfile.lock. Run 'pod install' or update your CocoaPods installation.\" >&2\n    exit 1\nfi\n# This output is used by Xcode 'outputs' to avoid re-running this script phase.\necho \"SUCCESS\" > \"${SCRIPT_OUTPUT_FILE_0}\"\n";
			showEnvVarsInLog = 0;
		};
/* End PBXShellScriptBuildPhase section */

/* Begin PBXSourcesBuildPhase section */
		C7A798C72B0C0FBD00BF1F70 /* Sources */ = {
			isa = PBXSourcesBuildPhase;
			buildActionMask = 2147483647;
			files = (
				C7A798D12B0C0FBD00BF1F70 /* ContentView.swift in Sources */,
				C7A798CF2B0C0FBD00BF1F70 /* applicationApp.swift in Sources */,
			);
			runOnlyForDeploymentPostprocessing = 0;
		};
/* End PBXSourcesBuildPhase section */

/* Begin XCBuildConfiguration section */
		C7A798D72B0C0FBE00BF1F70 /* Debug */ = {
			isa = XCBuildConfiguration;
			buildSettings = {
				ALWAYS_SEARCH_USER_PATHS = NO;
				ASSETCATALOG_COMPILER_GENERATE_SWIFT_ASSET_SYMBOL_EXTENSIONS = YES;
				CLANG_ANALYZER_NONNULL = YES;
				CLANG_ANALYZER_NUMBER_OBJECT_CONVERSION = YES_AGGRESSIVE;
				CLANG_CXX_LANGUAGE_STANDARD = "gnu++20";
				CLANG_ENABLE_MODULES = YES;
				CLANG_ENABLE_OBJC_ARC = YES;
				CLANG_ENABLE_OBJC_WEAK = YES;
				CLANG_WARN_BLOCK_CAPTURE_AUTORELEASING = YES;
				CLANG_WARN_BOOL_CONVERSION = YES;
				CLANG_WARN_COMMA = YES;
				CLANG_WARN_CONSTANT_CONVERSION = YES;
				CLANG_WARN_DEPRECATED_OBJC_IMPLEMENTATIONS = YES;
				CLANG_WARN_DIRECT_OBJC_ISA_USAGE = YES_ERROR;
				CLANG_WARN_DOCUMENTATION_COMMENTS = YES;
				CLANG_WARN_EMPTY_BODY = YES;
				CLANG_WARN_ENUM_CONVERSION = YES;
				CLANG_WARN_INFINITE_RECURSION = YES;
				CLANG_WARN_INT_CONVERSION = YES;
				CLANG_WARN_NON_LITERAL_NULL_CONVERSION = YES;
				CLANG_WARN_OBJC_IMPLICIT_RETAIN_SELF = YES;
				CLANG_WARN_OBJC_LITERAL_CONVERSION = YES;
				CLANG_WARN_OBJC_ROOT_CLASS = YES_ERROR;
				CLANG_WARN_QUOTED_INCLUDE_IN_FRAMEWORK_HEADER = YES;
				CLANG_WARN_RANGE_LOOP_ANALYSIS = YES;
				CLANG_WARN_STRICT_PROTOTYPES = YES;
				CLANG_WARN_SUSPICIOUS_MOVE = YES;
				CLANG_WARN_UNGUARDED_AVAILABILITY = YES_AGGRESSIVE;
				CLANG_WARN_UNREACHABLE_CODE = YES;
				CLANG_WARN__DUPLICATE_METHOD_MATCH = YES;
				COPY_PHASE_STRIP = NO;
				DEBUG_INFORMATION_FORMAT = dwarf;
				ENABLE_STRICT_OBJC_MSGSEND = YES;
				ENABLE_TESTABILITY = YES;
				ENABLE_USER_SCRIPT_SANDBOXING = NO;
				GCC_C_LANGUAGE_STANDARD = gnu17;
				GCC_DYNAMIC_NO_PIC = NO;
				GCC_NO_COMMON_BLOCKS = YES;
				GCC_OPTIMIZATION_LEVEL = 0;
				GCC_PREPROCESSOR_DEFINITIONS = (
					"DEBUG=1",
					"$(inherited)",
				);
				GCC_WARN_64_TO_32_BIT_CONVERSION = YES;
				GCC_WARN_ABOUT_RETURN_TYPE = YES_ERROR;
				GCC_WARN_UNDECLARED_SELECTOR = YES;
				GCC_WARN_UNINITIALIZED_AUTOS = YES_AGGRESSIVE;
				GCC_WARN_UNUSED_FUNCTION = YES;
				GCC_WARN_UNUSED_VARIABLE = YES;
				IPHONEOS_DEPLOYMENT_TARGET = 14.0;
				LOCALIZATION_PREFERS_STRING_CATALOGS = YES;
				MTL_ENABLE_DEBUG_INFO = INCLUDE_SOURCE;
				MTL_FAST_MATH = YES;
				ONLY_ACTIVE_ARCH = YES;
				SDKROOT = iphoneos;
				SWIFT_ACTIVE_COMPILATION_CONDITIONS = "DEBUG $(inherited)";
				SWIFT_OPTIMIZATION_LEVEL = "-Onone";
			};
			name = Debug;
		};
		C7A798D82B0C0FBE00BF1F70 /* Release */ = {
			isa = XCBuildConfiguration;
			buildSettings = {
				ALWAYS_SEARCH_USER_PATHS = NO;
				ASSETCATALOG_COMPILER_GENERATE_SWIFT_ASSET_SYMBOL_EXTENSIONS = YES;
				CLANG_ANALYZER_NONNULL = YES;
				CLANG_ANALYZER_NUMBER_OBJECT_CONVERSION = YES_AGGRESSIVE;
				CLANG_CXX_LANGUAGE_STANDARD = "gnu++20";
				CLANG_ENABLE_MODULES = YES;
				CLANG_ENABLE_OBJC_ARC = YES;
				CLANG_ENABLE_OBJC_WEAK = YES;
				CLANG_WARN_BLOCK_CAPTURE_AUTORELEASING = YES;
				CLANG_WARN_BOOL_CONVERSION = YES;
				CLANG_WARN_COMMA = YES;
				CLANG_WARN_CONSTANT_CONVERSION = YES;
				CLANG_WARN_DEPRECATED_OBJC_IMPLEMENTATIONS = YES;
				CLANG_WARN_DIRECT_OBJC_ISA_USAGE = YES_ERROR;
				CLANG_WARN_DOCUMENTATION_COMMENTS = YES;
				CLANG_WARN_EMPTY_BODY = YES;
				CLANG_WARN_ENUM_CONVERSION = YES;
				CLANG_WARN_INFINITE_RECURSION = YES;
				CLANG_WARN_INT_CONVERSION = YES;
				CLANG_WARN_NON_LITERAL_NULL_CONVERSION = YES;
				CLANG_WARN_OBJC_IMPLICIT_RETAIN_SELF = YES;
				CLANG_WARN_OBJC_LITERAL_CONVERSION = YES;
				CLANG_WARN_OBJC_ROOT_CLASS = YES_ERROR;
				CLANG_WARN_QUOTED_INCLUDE_IN_FRAMEWORK_HEADER = YES;
				CLANG_WARN_RANGE_LOOP_ANALYSIS = YES;
				CLANG_WARN_STRICT_PROTOTYPES = YES;
				CLANG_WARN_SUSPICIOUS_MOVE = YES;
				CLANG_WARN_UNGUARDED_AVAILABILITY = YES_AGGRESSIVE;
				CLANG_WARN_UNREACHABLE_CODE = YES;
				CLANG_WARN__DUPLICATE_METHOD_MATCH = YES;
				COPY_PHASE_STRIP = NO;
				DEBUG_INFORMATION_FORMAT = "dwarf-with-dsym";
				ENABLE_NS_ASSERTIONS = NO;
				ENABLE_STRICT_OBJC_MSGSEND = YES;
				ENABLE_USER_SCRIPT_SANDBOXING = NO;
				GCC_C_LANGUAGE_STANDARD = gnu17;
				GCC_NO_COMMON_BLOCKS = YES;
				GCC_WARN_64_TO_32_BIT_CONVERSION = YES;
				GCC_WARN_ABOUT_RETURN_TYPE = YES_ERROR;
				GCC_WARN_UNDECLARED_SELECTOR = YES;
				GCC_WARN_UNINITIALIZED_AUTOS = YES_AGGRESSIVE;
				GCC_WARN_UNUSED_FUNCTION = YES;
				GCC_WARN_UNUSED_VARIABLE = YES;
				IPHONEOS_DEPLOYMENT_TARGET = 14.0;
				LOCALIZATION_PREFERS_STRING_CATALOGS = YES;
				MTL_ENABLE_DEBUG_INFO = NO;
				MTL_FAST_MATH = YES;
				SDKROOT = iphoneos;
				SWIFT_COMPILATION_MODE = wholemodule;
				VALIDATE_PRODUCT = YES;
			};
			name = Release;
		};
		C7A798DA2B0C0FBE00BF1F70 /* Debug */ = {
			isa = XCBuildConfiguration;
			baseConfigurationReference = BAF86AA720E93D87299FE800 /* Pods-application.debug.xcconfig */;
			buildSettings = {
				ASSETCATALOG_COMPILER_APPICON_NAME = AppIcon;
				ASSETCATALOG_COMPILER_GLOBAL_ACCENT_COLOR_NAME = AccentColor;
				CODE_SIGN_STYLE = Automatic;
				CURRENT_PROJECT_VERSION = 1;
				DEVELOPMENT_ASSET_PATHS = "\"application/Preview Content\"";
				DEVELOPMENT_TEAM = 4B2H5C22JQ;
				ENABLE_PREVIEWS = YES;
				GENERATE_INFOPLIST_FILE = YES;
				INFOPLIST_KEY_UIApplicationSceneManifest_Generation = YES;
				INFOPLIST_KEY_UIApplicationSupportsIndirectInputEvents = YES;
				INFOPLIST_KEY_UILaunchScreen_Generation = YES;
				INFOPLIST_KEY_UISupportedInterfaceOrientations_iPad = "UIInterfaceOrientationPortrait UIInterfaceOrientationPortraitUpsideDown UIInterfaceOrientationLandscapeLeft UIInterfaceOrientationLandscapeRight";
				INFOPLIST_KEY_UISupportedInterfaceOrientations_iPhone = "UIInterfaceOrientationPortrait UIInterfaceOrientationLandscapeLeft UIInterfaceOrientationLandscapeRight";
				IPHONEOS_DEPLOYMENT_TARGET = 14.0;
				LD_RUNPATH_SEARCH_PATHS = (
					"$(inherited)",
					"@executable_path/Frameworks",
				);
				MARKETING_VERSION = 1.0;
				PRODUCT_BUNDLE_IDENTIFIER = "com.tezov.medium.ios.multi-modules.application";
				PRODUCT_NAME = "$(TARGET_NAME)";
				SUPPORTED_PLATFORMS = "iphoneos iphonesimulator";
				SUPPORTS_MACCATALYST = NO;
				SUPPORTS_MAC_DESIGNED_FOR_IPHONE_IPAD = NO;
				SWIFT_EMIT_LOC_STRINGS = YES;
				SWIFT_VERSION = 5.0;
				TARGETED_DEVICE_FAMILY = "1,2";
			};
			name = Debug;
		};
		C7A798DB2B0C0FBE00BF1F70 /* Release */ = {
			isa = XCBuildConfiguration;
			baseConfigurationReference = DD95ED383F8CF69E1DF51D53 /* Pods-application.release.xcconfig */;
			buildSettings = {
				ASSETCATALOG_COMPILER_APPICON_NAME = AppIcon;
				ASSETCATALOG_COMPILER_GLOBAL_ACCENT_COLOR_NAME = AccentColor;
				CODE_SIGN_STYLE = Automatic;
				CURRENT_PROJECT_VERSION = 1;
				DEVELOPMENT_ASSET_PATHS = "\"application/Preview Content\"";
				DEVELOPMENT_TEAM = 4B2H5C22JQ;
				ENABLE_PREVIEWS = YES;
				GENERATE_INFOPLIST_FILE = YES;
				INFOPLIST_KEY_UIApplicationSceneManifest_Generation = YES;
				INFOPLIST_KEY_UIApplicationSupportsIndirectInputEvents = YES;
				INFOPLIST_KEY_UILaunchScreen_Generation = YES;
				INFOPLIST_KEY_UISupportedInterfaceOrientations_iPad = "UIInterfaceOrientationPortrait UIInterfaceOrientationPortraitUpsideDown UIInterfaceOrientationLandscapeLeft UIInterfaceOrientationLandscapeRight";
				INFOPLIST_KEY_UISupportedInterfaceOrientations_iPhone = "UIInterfaceOrientationPortrait UIInterfaceOrientationLandscapeLeft UIInterfaceOrientationLandscapeRight";
				IPHONEOS_DEPLOYMENT_TARGET = 14.0;
				LD_RUNPATH_SEARCH_PATHS = (
					"$(inherited)",
					"@executable_path/Frameworks",
				);
				MARKETING_VERSION = 1.0;
				PRODUCT_BUNDLE_IDENTIFIER = "com.tezov.medium.ios.multi-modules.application";
				PRODUCT_NAME = "$(TARGET_NAME)";
				SUPPORTED_PLATFORMS = "iphoneos iphonesimulator";
				SUPPORTS_MACCATALYST = NO;
				SUPPORTS_MAC_DESIGNED_FOR_IPHONE_IPAD = NO;
				SWIFT_EMIT_LOC_STRINGS = YES;
				SWIFT_VERSION = 5.0;
				TARGETED_DEVICE_FAMILY = "1,2";
			};
			name = Release;
		};
/* End XCBuildConfiguration section */

/* Begin XCConfigurationList section */
		C7A798C62B0C0FBD00BF1F70 /* Build configuration list for PBXProject "application" */ = {
			isa = XCConfigurationList;
			buildConfigurations = (
				C7A798D72B0C0FBE00BF1F70 /* Debug */,
				C7A798D82B0C0FBE00BF1F70 /* Release */,
			);
			defaultConfigurationIsVisible = 0;
			defaultConfigurationName = Release;
		};
		C7A798D92B0C0FBE00BF1F70 /* Build configuration list for PBXNativeTarget "application" */ = {
			isa = XCConfigurationList;
			buildConfigurations = (
				C7A798DA2B0C0FBE00BF1F70 /* Debug */,
				C7A798DB2B0C0FBE00BF1F70 /* Release */,
			);
			defaultConfigurationIsVisible = 0;
			defaultConfigurationName = Release;
		};
/* End XCConfigurationList section */
	};
	rootObject = C7A798C32B0C0FBD00BF1F70 /* Project object */;
}
